// !$*UTF8*$!
{
	archiveVersion = 1;
	classes = {
	};
	objectVersion = 50;
	objects = {

/* Begin PBXBuildFile section */
		EEFDD0B925EBCD9300B926BA /* AppDelegate.swift in Sources */ = {isa = PBXBuildFile; fileRef = EEFDD0B825EBCD9300B926BA /* AppDelegate.swift */; };
		EEFDD0BB25EBCD9300B926BA /* SceneDelegate.swift in Sources */ = {isa = PBXBuildFile; fileRef = EEFDD0BA25EBCD9300B926BA /* SceneDelegate.swift */; };
		EEFDD0BD25EBCD9300B926BA /* ViewController.swift in Sources */ = {isa = PBXBuildFile; fileRef = EEFDD0BC25EBCD9300B926BA /* ViewController.swift */; };
		EEFDD0C025EBCD9300B926BA /* Main.storyboard in Resources */ = {isa = PBXBuildFile; fileRef = EEFDD0BE25EBCD9300B926BA /* Main.storyboard */; };
		EEFDD0C225EBCD9500B926BA /* Assets.xcassets in Resources */ = {isa = PBXBuildFile; fileRef = EEFDD0C125EBCD9500B926BA /* Assets.xcassets */; };
		EEFDD0C525EBCD9500B926BA /* LaunchScreen.storyboard in Resources */ = {isa = PBXBuildFile; fileRef = EEFDD0C325EBCD9500B926BA /* LaunchScreen.storyboard */; };
/* End PBXBuildFile section */

/* Begin PBXFileReference section */
		EEFDD0B525EBCD9300B926BA /* Modernland Approval.app */ = {isa = PBXFileReference; explicitFileType = wrapper.application; includeInIndex = 0; path = "Modernland Approval.app"; sourceTree = BUILT_PRODUCTS_DIR; };
		EEFDD0B825EBCD9300B926BA /* AppDelegate.swift */ = {isa = PBXFileReference; lastKnownFileType = sourcecode.swift; path = AppDelegate.swift; sourceTree = "<group>"; };
		EEFDD0BA25EBCD9300B926BA /* SceneDelegate.swift */ = {isa = PBXFileReference; lastKnownFileType = sourcecode.swift; path = SceneDelegate.swift; sourceTree = "<group>"; };
		EEFDD0BC25EBCD9300B926BA /* ViewController.swift */ = {isa = PBXFileReference; lastKnownFileType = sourcecode.swift; path = ViewController.swift; sourceTree = "<group>"; };
		EEFDD0BF25EBCD9300B926BA /* Base */ = {isa = PBXFileReference; lastKnownFileType = file.storyboard; name = Base; path = Base.lproj/Main.storyboard; sourceTree = "<group>"; };
		EEFDD0C125EBCD9500B926BA /* Assets.xcassets */ = {isa = PBXFileReference; lastKnownFileType = folder.assetcatalog; path = Assets.xcassets; sourceTree = "<group>"; };
		EEFDD0C425EBCD9500B926BA /* Base */ = {isa = PBXFileReference; lastKnownFileType = file.storyboard; name = Base; path = Base.lproj/LaunchScreen.storyboard; sourceTree = "<group>"; };
		EEFDD0C625EBCD9500B926BA /* Info.plist */ = {isa = PBXFileReference; lastKnownFileType = text.plist.xml; path = Info.plist; sourceTree = "<group>"; };
/* End PBXFileReference section */

/* Begin PBXFrameworksBuildPhase section */
		EEFDD0B225EBCD9300B926BA /* Frameworks */ = {
			isa = PBXFrameworksBuildPhase;
			buildActionMask = 2147483647;
			files = (
			);
			runOnlyForDeploymentPostprocessing = 0;
		};
/* End PBXFrameworksBuildPhase section */

/* Begin PBXGroup section */
		EEFDD0AC25EBCD9300B926BA = {
			isa = PBXGroup;
			children = (
				EEFDD0B725EBCD9300B926BA /* Modernland Approval */,
				EEFDD0B625EBCD9300B926BA /* Products */,
			);
			sourceTree = "<group>";
		};
		EEFDD0B625EBCD9300B926BA /* Products */ = {
			isa = PBXGroup;
			children = (
				EEFDD0B525EBCD9300B926BA /* Modernland Approval.app */,
			);
			name = Products;
			sourceTree = "<group>";
		};
		EEFDD0B725EBCD9300B926BA /* Modernland Approval */ = {
			isa = PBXGroup;
			children = (
				EEFDD0B825EBCD9300B926BA /* AppDelegate.swift */,
				EEFDD0BA25EBCD9300B926BA /* SceneDelegate.swift */,
				EEFDD0BC25EBCD9300B926BA /* ViewController.swift */,
				EEFDD0BE25EBCD9300B926BA /* Main.storyboard */,
				EEFDD0C125EBCD9500B926BA /* Assets.xcassets */,
				EEFDD0C325EBCD9500B926BA /* LaunchScreen.storyboard */,
				EEFDD0C625EBCD9500B926BA /* Info.plist */,
			);
			path = "Modernland Approval";
			sourceTree = "<group>";
		};
/* End PBXGroup section */

/* Begin PBXNativeTarget section */
		EEFDD0B425EBCD9300B926BA /* Modernland Approval */ = {
			isa = PBXNativeTarget;
			buildConfigurationList = EEFDD0C925EBCD9500B926BA /* Build configuration list for PBXNativeTarget "Modernland Approval" */;
			buildPhases = (
				EEFDD0B125EBCD9300B926BA /* Sources */,
				EEFDD0B225EBCD9300B926BA /* Frameworks */,
				EEFDD0B325EBCD9300B926BA /* Resources */,
			);
			buildRules = (
			);
			dependencies = (
			);
			name = "Modernland Approval";
			productName = "Modernland Approval";
			productReference = EEFDD0B525EBCD9300B926BA /* Modernland Approval.app */;
			productType = "com.apple.product-type.application";
		};
/* End PBXNativeTarget section */

/* Begin PBXProject section */
		EEFDD0AD25EBCD9300B926BA /* Project object */ = {
			isa = PBXProject;
			attributes = {
				LastSwiftUpdateCheck = 1160;
				LastUpgradeCheck = 1160;
				ORGANIZATIONNAME = Modernland;
				TargetAttributes = {
					EEFDD0B425EBCD9300B926BA = {
						CreatedOnToolsVersion = 11.6;
					};
				};
			};
			buildConfigurationList = EEFDD0B025EBCD9300B926BA /* Build configuration list for PBXProject "Modernland Approval" */;
			compatibilityVersion = "Xcode 9.3";
			developmentRegion = en;
			hasScannedForEncodings = 0;
			knownRegions = (
				en,
				Base,
			);
			mainGroup = EEFDD0AC25EBCD9300B926BA;
			productRefGroup = EEFDD0B625EBCD9300B926BA /* Products */;
			projectDirPath = "";
			projectRoot = "";
			targets = (
				EEFDD0B425EBCD9300B926BA /* Modernland Approval */,
			);
		};
/* End PBXProject section */

/* Begin PBXResourcesBuildPhase section */
		EEFDD0B325EBCD9300B926BA /* Resources */ = {
			isa = PBXResourcesBuildPhase;
			buildActionMask = 2147483647;
			files = (
				EEFDD0C525EBCD9500B926BA /* LaunchScreen.storyboard in Resources */,
				EEFDD0C225EBCD9500B926BA /* Assets.xcassets in Resources */,
				EEFDD0C025EBCD9300B926BA /* Main.storyboard in Resources */,
			);
			runOnlyForDeploymentPostprocessing = 0;
		};
/* End PBXResourcesBuildPhase section */

/* Begin PBXSourcesBuildPhase section */
		EEFDD0B125EBCD9300B926BA /* Sources */ = {
			isa = PBXSourcesBuildPhase;
			buildActionMask = 2147483647;
			files = (
				EEFDD0BD25EBCD9300B926BA /* ViewController.swift in Sources */,
				EEFDD0B925EBCD9300B926BA /* AppDelegate.swift in Sources */,
				EEFDD0BB25EBCD9300B926BA /* SceneDelegate.swift in Sources */,
			);
			runOnlyForDeploymentPostprocessing = 0;
		};
/* End PBXSourcesBuildPhase section */

/* Begin PBXVariantGroup section */
		EEFDD0BE25EBCD9300B926BA /* Main.storyboard */ = {
			isa = PBXVariantGroup;
			children = (
				EEFDD0BF25EBCD9300B926BA /* Base */,
			);
			name = Main.storyboard;
			sourceTree = "<group>";
		};
		EEFDD0C325EBCD9500B926BA /* LaunchScreen.storyboard */ = {
			isa = PBXVariantGroup;
			children = (
				EEFDD0C425EBCD9500B926BA /* Base */,
			);
			name = LaunchScreen.storyboard;
			sourceTree = "<group>";
		};
/* End PBXVariantGroup section */

/* Begin XCBuildConfiguration section */
		EEFDD0C725EBCD9500B926BA /* Debug */ = {
			isa = XCBuildConfiguration;
			buildSettings = {
				ALWAYS_SEARCH_USER_PATHS = NO;
				CLANG_ANALYZER_NONNULL = YES;
				CLANG_ANALYZER_NUMBER_OBJECT_CONVERSION = YES_AGGRESSIVE;
				CLANG_CXX_LANGUAGE_STANDARD = "gnu++14";
				CLANG_CXX_LIBRARY = "libc++";
				CLANG_ENABLE_MODULES = YES;
				CLANG_ENABLE_OBJC_ARC = YES;
				CLANG_ENABLE_OBJC_WEAK = YES;
				CLANG_WARN_BLOCK_CAPTURE_AUTORELEASING = YES;
				CLANG_WARN_BOOL_CONVERSION = YES;
				CLANG_WARN_COMMA = YES;
				CLANG_WARN_CONSTANT_CONVERSION = YES;
				CLANG_WARN_DEPRECATED_OBJC_IMPLEMENTATIONS = YES;
				CLANG_WARN_DIRECT_OBJC_ISA_USAGE = YES_ERROR;
				CLANG_WARN_DOCUMENTATION_COMMENTS = YES;
				CLANG_WARN_EMPTY_BODY = YES;
				CLANG_WARN_ENUM_CONVERSION = YES;
				CLANG_WARN_INFINITE_RECURSION = YES;
				CLANG_WARN_INT_CONVERSION = YES;
				CLANG_WARN_NON_LITERAL_NULL_CONVERSION = YES;
				CLANG_WARN_OBJC_IMPLICIT_RETAIN_SELF = YES;
				CLANG_WARN_OBJC_LITERAL_CONVERSION = YES;
				CLANG_WARN_OBJC_ROOT_CLASS = YES_ERROR;
				CLANG_WARN_RANGE_LOOP_ANALYSIS = YES;
				CLANG_WARN_STRICT_PROTOTYPES = YES;
				CLANG_WARN_SUSPICIOUS_MOVE = YES;
				CLANG_WARN_UNGUARDED_AVAILABILITY = YES_AGGRESSIVE;
				CLANG_WARN_UNREACHABLE_CODE = YES;
				CLANG_WARN__DUPLICATE_METHOD_MATCH = YES;
				COPY_PHASE_STRIP = NO;
				DEBUG_INFORMATION_FORMAT = dwarf;
				ENABLE_STRICT_OBJC_MSGSEND = YES;
				ENABLE_TESTABILITY = YES;
				GCC_C_LANGUAGE_STANDARD = gnu11;
				GCC_DYNAMIC_NO_PIC = NO;
				GCC_NO_COMMON_BLOCKS = YES;
				GCC_OPTIMIZATION_LEVEL = 0;
				GCC_PREPROCESSOR_DEFINITIONS = (
					"DEBUG=1",
					"$(inherited)",
				);
				GCC_WARN_64_TO_32_BIT_CONVERSION = YES;
				GCC_WARN_ABOUT_RETURN_TYPE = YES_ERROR;
				GCC_WARN_UNDECLARED_SELECTOR = YES;
				GCC_WARN_UNINITIALIZED_AUTOS = YES_AGGRESSIVE;
				GCC_WARN_UNUSED_FUNCTION = YES;
				GCC_WARN_UNUSED_VARIABLE = YES;
				IPHONEOS_DEPLOYMENT_TARGET = 13.6;
				MTL_ENABLE_DEBUG_INFO = INCLUDE_SOURCE;
				MTL_FAST_MATH = YES;
				ONLY_ACTIVE_ARCH = YES;
				SDKROOT = iphoneos;
				SWIFT_ACTIVE_COMPILATION_CONDITIONS = DEBUG;
				SWIFT_OPTIMIZATION_LEVEL = "-Onone";
			};
			name = Debug;
		};
		EEFDD0C825EBCD9500B926BA /* Release */ = {
			isa = XCBuildConfiguration;
			buildSettings = {
				ALWAYS_SEARCH_USER_PATHS = NO;
				CLANG_ANALYZER_NONNULL = YES;
				CLANG_ANALYZER_NUMBER_OBJECT_CONVERSION = YES_AGGRESSIVE;
				CLANG_CXX_LANGUAGE_STANDARD = "gnu++14";
				CLANG_CXX_LIBRARY = "libc++";
				CLANG_ENABLE_MODULES = YES;
				CLANG_ENABLE_OBJC_ARC = YES;
				CLANG_ENABLE_OBJC_WEAK = YES;
				CLANG_WARN_BLOCK_CAPTURE_AUTORELEASING = YES;
				CLANG_WARN_BOOL_CONVERSION = YES;
				CLANG_WARN_COMMA = YES;
				CLANG_WARN_CONSTANT_CONVERSION = YES;
				CLANG_WARN_DEPRECATED_OBJC_IMPLEMENTATIONS = YES;
				CLANG_WARN_DIRECT_OBJC_ISA_USAGE = YES_ERROR;
				CLANG_WARN_DOCUMENTATION_COMMENTS = YES;
				CLANG_WARN_EMPTY_BODY = YES;
				CLANG_WARN_ENUM_CONVERSION = YES;
				CLANG_WARN_INFINITE_RECURSION = YES;
				CLANG_WARN_INT_CONVERSION = YES;
				CLANG_WARN_NON_LITERAL_NULL_CONVERSION = YES;
				CLANG_WARN_OBJC_IMPLICIT_RETAIN_SELF = YES;
				CLANG_WARN_OBJC_LITERAL_CONVERSION = YES;
				CLANG_WARN_OBJC_ROOT_CLASS = YES_ERROR;
				CLANG_WARN_RANGE_LOOP_ANALYSIS = YES;
				CLANG_WARN_STRICT_PROTOTYPES = YES;
				CLANG_WARN_SUSPICIOUS_MOVE = YES;
				CLANG_WARN_UNGUARDED_AVAILABILITY = YES_AGGRESSIVE;
				CLANG_WARN_UNREACHABLE_CODE = YES;
				CLANG_WARN__DUPLICATE_METHOD_MATCH = YES;
				COPY_PHASE_STRIP = NO;
				DEBUG_INFORMATION_FORMAT = "dwarf-with-dsym";
				ENABLE_NS_ASSERTIONS = NO;
				ENABLE_STRICT_OBJC_MSGSEND = YES;
				GCC_C_LANGUAGE_STANDARD = gnu11;
				GCC_NO_COMMON_BLOCKS = YES;
				GCC_WARN_64_TO_32_BIT_CONVERSION = YES;
				GCC_WARN_ABOUT_RETURN_TYPE = YES_ERROR;
				GCC_WARN_UNDECLARED_SELECTOR = YES;
				GCC_WARN_UNINITIALIZED_AUTOS = YES_AGGRESSIVE;
				GCC_WARN_UNUSED_FUNCTION = YES;
				GCC_WARN_UNUSED_VARIABLE = YES;
				IPHONEOS_DEPLOYMENT_TARGET = 13.6;
				MTL_ENABLE_DEBUG_INFO = NO;
				MTL_FAST_MATH = YES;
				SDKROOT = iphoneos;
				SWIFT_COMPILATION_MODE = wholemodule;
				SWIFT_OPTIMIZATION_LEVEL = "-O";
				VALIDATE_PRODUCT = YES;
			};
			name = Release;
		};
		EEFDD0CA25EBCD9500B926BA /* Debug */ = {
			isa = XCBuildConfiguration;
			buildSettings = {
				ASSETCATALOG_COMPILER_APPICON_NAME = AppIcon;
				CODE_SIGN_STYLE = Automatic;
				DEVELOPMENT_TEAM = W4FWM87L9U;
				INFOPLIST_FILE = "Modernland Approval/Info.plist";
				LD_RUNPATH_SEARCH_PATHS = (
					"$(inherited)",
					"@executable_path/Frameworks",
				);
				PRODUCT_BUNDLE_IDENTIFIER = "Modernland.Modernland-Approval";
				PRODUCT_NAME = "$(TARGET_NAME)";
				SWIFT_VERSION = 5.0;
				TARGETED_DEVICE_FAMILY = "1,2";
			};
			name = Debug;
		};
		EEFDD0CB25EBCD9500B926BA /* Release */ = {
			isa = XCBuildConfiguration;
			buildSettings = {
				ASSETCATALOG_COMPILER_APPICON_NAME = AppIcon;
				CODE_SIGN_STYLE = Automatic;
				DEVELOPMENT_TEAM = W4FWM87L9U;
				INFOPLIST_FILE = "Modernland Approval/Info.plist";
				LD_RUNPATH_SEARCH_PATHS = (
					"$(inherited)",
					"@executable_path/Frameworks",
				);
				PRODUCT_BUNDLE_IDENTIFIER = "Modernland.Modernland-Approval";
				PRODUCT_NAME = "$(TARGET_NAME)";
				SWIFT_VERSION = 5.0;
				TARGETED_DEVICE_FAMILY = "1,2";
			};
			name = Release;
		};
/* End XCBuildConfiguration section */

/* Begin XCConfigurationList section */
		EEFDD0B025EBCD9300B926BA /* Build configuration list for PBXProject "Modernland Approval" */ = {
			isa = XCConfigurationList;
			buildConfigurations = (
				EEFDD0C725EBCD9500B926BA /* Debug */,
				EEFDD0C825EBCD9500B926BA /* Release */,
			);
			defaultConfigurationIsVisible = 0;
			defaultConfigurationName = Release;
		};
		EEFDD0C925EBCD9500B926BA /* Build configuration list for PBXNativeTarget "Modernland Approval" */ = {
			isa = XCConfigurationList;
			buildConfigurations = (
				EEFDD0CA25EBCD9500B926BA /* Debug */,
				EEFDD0CB25EBCD9500B926BA /* Release */,
			);
			defaultConfigurationIsVisible = 0;
			defaultConfigurationName = Release;
		};
/* End XCConfigurationList section */
	};
	rootObject = EEFDD0AD25EBCD9300B926BA /* Project object */;
}
